
Microsoft Visual Studio Solution File, Format Version 12.00
# Visual Studio Version 17
VisualStudioVersion = 17.5.002.0
MinimumVisualStudioVersion = 10.0.40219.1
Project("{9A19103F-16F7-4668-BE54-9A1E7A4F7556}") = "Aula05 - Atividade", "Aula05 - Atividade.csproj", "{4432CF93-60BA-4757-B3A5-151C0FF82549}"
EndProject
Global
	GlobalSection(SolutionConfigurationPlatforms) = preSolution
		Debug|Any CPU = Debug|Any CPU
		Release|Any CPU = Release|Any CPU
	EndGlobalSection
	GlobalSection(ProjectConfigurationPlatforms) = postSolution
		{4432CF93-60BA-4757-B3A5-151C0FF82549}.Debug|Any CPU.ActiveCfg = Debug|Any CPU
		{4432CF93-60BA-4757-B3A5-151C0FF82549}.Debug|Any CPU.Build.0 = Debug|Any CPU
		{4432CF93-60BA-4757-B3A5-151C0FF82549}.Release|Any CPU.ActiveCfg = Release|Any CPU
		{4432CF93-60BA-4757-B3A5-151C0FF82549}.Release|Any CPU.Build.0 = Release|Any CPU
	EndGlobalSection
	GlobalSection(SolutionProperties) = preSolution
		HideSolutionNode = FALSE
	EndGlobalSection
	GlobalSection(ExtensibilityGlobals) = postSolution
		SolutionGuid = {7441694A-6BA3-4FB7-88A7-A673BD8245B2}
	EndGlobalSection
EndGlobal
