
Microsoft Visual Studio Solution File, Format Version 12.00
# Visual Studio Version 17
VisualStudioVersion = 17.5.002.0
MinimumVisualStudioVersion = 10.0.40219.1
Project("{9A19103F-16F7-4668-BE54-9A1E7A4F7556}") = "Quiz", "Quiz.csproj", "{C547B3BC-DA61-469D-9AE2-FE785E44E015}"
EndProject
Global
	GlobalSection(SolutionConfigurationPlatforms) = preSolution
		Debug|Any CPU = Debug|Any CPU
		Release|Any CPU = Release|Any CPU
	EndGlobalSection
	GlobalSection(ProjectConfigurationPlatforms) = postSolution
		{C547B3BC-DA61-469D-9AE2-FE785E44E015}.Debug|Any CPU.ActiveCfg = Debug|Any CPU
		{C547B3BC-DA61-469D-9AE2-FE785E44E015}.Debug|Any CPU.Build.0 = Debug|Any CPU
		{C547B3BC-DA61-469D-9AE2-FE785E44E015}.Release|Any CPU.ActiveCfg = Release|Any CPU
		{C547B3BC-DA61-469D-9AE2-FE785E44E015}.Release|Any CPU.Build.0 = Release|Any CPU
	EndGlobalSection
	GlobalSection(SolutionProperties) = preSolution
		HideSolutionNode = FALSE
	EndGlobalSection
	GlobalSection(ExtensibilityGlobals) = postSolution
		SolutionGuid = {13CF8A18-2A49-47C0-9A67-A93ED77DE519}
	EndGlobalSection
EndGlobal
