
Microsoft Visual Studio Solution File, Format Version 12.00
# Visual Studio Version 17
VisualStudioVersion = 17.5.002.0
MinimumVisualStudioVersion = 10.0.40219.1
Project("{9A19103F-16F7-4668-BE54-9A1E7A4F7556}") = "Pilhas", "Pilhas.csproj", "{57A88865-C41A-47FE-86AA-C1E7F2C253FE}"
EndProject
Global
	GlobalSection(SolutionConfigurationPlatforms) = preSolution
		Debug|Any CPU = Debug|Any CPU
		Release|Any CPU = Release|Any CPU
	EndGlobalSection
	GlobalSection(ProjectConfigurationPlatforms) = postSolution
		{57A88865-C41A-47FE-86AA-C1E7F2C253FE}.Debug|Any CPU.ActiveCfg = Debug|Any CPU
		{57A88865-C41A-47FE-86AA-C1E7F2C253FE}.Debug|Any CPU.Build.0 = Debug|Any CPU
		{57A88865-C41A-47FE-86AA-C1E7F2C253FE}.Release|Any CPU.ActiveCfg = Release|Any CPU
		{57A88865-C41A-47FE-86AA-C1E7F2C253FE}.Release|Any CPU.Build.0 = Release|Any CPU
	EndGlobalSection
	GlobalSection(SolutionProperties) = preSolution
		HideSolutionNode = FALSE
	EndGlobalSection
	GlobalSection(ExtensibilityGlobals) = postSolution
		SolutionGuid = {35C263E0-68AE-483A-98E4-4D968A487E04}
	EndGlobalSection
EndGlobal
