
Microsoft Visual Studio Solution File, Format Version 12.00
# Visual Studio Version 17
VisualStudioVersion = 17.5.002.0
MinimumVisualStudioVersion = 10.0.40219.1
Project("{9A19103F-16F7-4668-BE54-9A1E7A4F7556}") = "Tarefa - Hanoi Tower", "Tarefa - Hanoi Tower.csproj", "{BE46B2B6-8C9A-4262-BB94-34291C770658}"
EndProject
Global
	GlobalSection(SolutionConfigurationPlatforms) = preSolution
		Debug|Any CPU = Debug|Any CPU
		Release|Any CPU = Release|Any CPU
	EndGlobalSection
	GlobalSection(ProjectConfigurationPlatforms) = postSolution
		{BE46B2B6-8C9A-4262-BB94-34291C770658}.Debug|Any CPU.ActiveCfg = Debug|Any CPU
		{BE46B2B6-8C9A-4262-BB94-34291C770658}.Debug|Any CPU.Build.0 = Debug|Any CPU
		{BE46B2B6-8C9A-4262-BB94-34291C770658}.Release|Any CPU.ActiveCfg = Release|Any CPU
		{BE46B2B6-8C9A-4262-BB94-34291C770658}.Release|Any CPU.Build.0 = Release|Any CPU
	EndGlobalSection
	GlobalSection(SolutionProperties) = preSolution
		HideSolutionNode = FALSE
	EndGlobalSection
	GlobalSection(ExtensibilityGlobals) = postSolution
		SolutionGuid = {5E7A6DF2-074B-42F0-9970-CEF3B59345B7}
	EndGlobalSection
EndGlobal
