
Microsoft Visual Studio Solution File, Format Version 12.00
# Visual Studio Version 17
VisualStudioVersion = 17.5.002.0
MinimumVisualStudioVersion = 10.0.40219.1
Project("{9A19103F-16F7-4668-BE54-9A1E7A4F7556}") = "HashStack", "HashStack.csproj", "{739EA8B0-C54C-44C0-B62D-405C8DA58187}"
EndProject
Global
	GlobalSection(SolutionConfigurationPlatforms) = preSolution
		Debug|Any CPU = Debug|Any CPU
		Release|Any CPU = Release|Any CPU
	EndGlobalSection
	GlobalSection(ProjectConfigurationPlatforms) = postSolution
		{739EA8B0-C54C-44C0-B62D-405C8DA58187}.Debug|Any CPU.ActiveCfg = Debug|Any CPU
		{739EA8B0-C54C-44C0-B62D-405C8DA58187}.Debug|Any CPU.Build.0 = Debug|Any CPU
		{739EA8B0-C54C-44C0-B62D-405C8DA58187}.Release|Any CPU.ActiveCfg = Release|Any CPU
		{739EA8B0-C54C-44C0-B62D-405C8DA58187}.Release|Any CPU.Build.0 = Release|Any CPU
	EndGlobalSection
	GlobalSection(SolutionProperties) = preSolution
		HideSolutionNode = FALSE
	EndGlobalSection
	GlobalSection(ExtensibilityGlobals) = postSolution
		SolutionGuid = {D89DD5E5-C66C-4B69-AC6A-EF76E32ADBA4}
	EndGlobalSection
EndGlobal
