
Microsoft Visual Studio Solution File, Format Version 12.00
# Visual Studio Version 17
VisualStudioVersion = 17.5.002.0
MinimumVisualStudioVersion = 10.0.40219.1
Project("{9A19103F-16F7-4668-BE54-9A1E7A4F7556}") = "Lista Linkada Circular", "Lista Linkada Circular.csproj", "{A143043D-EF87-4D13-9B35-B6D35C900BB3}"
EndProject
Global
	GlobalSection(SolutionConfigurationPlatforms) = preSolution
		Debug|Any CPU = Debug|Any CPU
		Release|Any CPU = Release|Any CPU
	EndGlobalSection
	GlobalSection(ProjectConfigurationPlatforms) = postSolution
		{A143043D-EF87-4D13-9B35-B6D35C900BB3}.Debug|Any CPU.ActiveCfg = Debug|Any CPU
		{A143043D-EF87-4D13-9B35-B6D35C900BB3}.Debug|Any CPU.Build.0 = Debug|Any CPU
		{A143043D-EF87-4D13-9B35-B6D35C900BB3}.Release|Any CPU.ActiveCfg = Release|Any CPU
		{A143043D-EF87-4D13-9B35-B6D35C900BB3}.Release|Any CPU.Build.0 = Release|Any CPU
	EndGlobalSection
	GlobalSection(SolutionProperties) = preSolution
		HideSolutionNode = FALSE
	EndGlobalSection
	GlobalSection(ExtensibilityGlobals) = postSolution
		SolutionGuid = {34CE606C-6A8B-4559-B126-BDED14F374C1}
	EndGlobalSection
EndGlobal
