
Microsoft Visual Studio Solution File, Format Version 12.00
# Visual Studio Version 17
VisualStudioVersion = 17.5.002.0
MinimumVisualStudioVersion = 10.0.40219.1
Project("{9A19103F-16F7-4668-BE54-9A1E7A4F7556}") = "BookReader", "BookReader.csproj", "{0B41430B-BACD-4F03-975D-D113A31DB277}"
EndProject
Global
	GlobalSection(SolutionConfigurationPlatforms) = preSolution
		Debug|Any CPU = Debug|Any CPU
		Release|Any CPU = Release|Any CPU
	EndGlobalSection
	GlobalSection(ProjectConfigurationPlatforms) = postSolution
		{0B41430B-BACD-4F03-975D-D113A31DB277}.Debug|Any CPU.ActiveCfg = Debug|Any CPU
		{0B41430B-BACD-4F03-975D-D113A31DB277}.Debug|Any CPU.Build.0 = Debug|Any CPU
		{0B41430B-BACD-4F03-975D-D113A31DB277}.Release|Any CPU.ActiveCfg = Release|Any CPU
		{0B41430B-BACD-4F03-975D-D113A31DB277}.Release|Any CPU.Build.0 = Release|Any CPU
	EndGlobalSection
	GlobalSection(SolutionProperties) = preSolution
		HideSolutionNode = FALSE
	EndGlobalSection
	GlobalSection(ExtensibilityGlobals) = postSolution
		SolutionGuid = {791096D4-AF0B-4623-B480-2BE1121D0150}
	EndGlobalSection
EndGlobal
